
Microsoft Visual Studio Solution File, Format Version 12.00
# Visual Studio Version 16
VisualStudioVersion = 16.0.31729.503
MinimumVisualStudioVersion = 10.0.40219.1
Project("{FAE04EC0-301F-11D3-BF4B-00C04F79EFBC}") = "LocalDatabaseTutorial.Android", "LocalDatabaseTutorial\LocalDatabaseTutorial.Android\LocalDatabaseTutorial.Android.csproj", "{09D1EB54-8C02-4E24-B782-E96A2EC7708B}"
EndProject
Project("{FAE04EC0-301F-11D3-BF4B-00C04F79EFBC}") = "LocalDatabaseTutorial.iOS", "LocalDatabaseTutorial\LocalDatabaseTutorial.iOS\LocalDatabaseTutorial.iOS.csproj", "{C2318708-3969-4C7B-9021-8A16D52589D4}"
EndProject
Project("{FAE04EC0-301F-11D3-BF4B-00C04F79EFBC}") = "LocalDatabaseTutorial", "LocalDatabaseTutorial\LocalDatabaseTutorial\LocalDatabaseTutorial.csproj", "{97ABCAB4-DAC4-48A4-A1B2-DB5BB78B519C}"
EndProject
Global
	GlobalSection(SolutionConfigurationPlatforms) = preSolution
		Debug|Any CPU = Debug|Any CPU
		Debug|iPhone = Debug|iPhone
		Debug|iPhoneSimulator = Debug|iPhoneSimulator
		Release|Any CPU = Release|Any CPU
		Release|iPhone = Release|iPhone
		Release|iPhoneSimulator = Release|iPhoneSimulator
	EndGlobalSection
	GlobalSection(ProjectConfigurationPlatforms) = postSolution
		{09D1EB54-8C02-4E24-B782-E96A2EC7708B}.Debug|Any CPU.ActiveCfg = Debug|Any CPU
		{09D1EB54-8C02-4E24-B782-E96A2EC7708B}.Debug|Any CPU.Build.0 = Debug|Any CPU
		{09D1EB54-8C02-4E24-B782-E96A2EC7708B}.Debug|Any CPU.Deploy.0 = Debug|Any CPU
		{09D1EB54-8C02-4E24-B782-E96A2EC7708B}.Debug|iPhone.ActiveCfg = Debug|Any CPU
		{09D1EB54-8C02-4E24-B782-E96A2EC7708B}.Debug|iPhone.Build.0 = Debug|Any CPU
		{09D1EB54-8C02-4E24-B782-E96A2EC7708B}.Debug|iPhone.Deploy.0 = Debug|Any CPU
		{09D1EB54-8C02-4E24-B782-E96A2EC7708B}.Debug|iPhoneSimulator.ActiveCfg = Debug|Any CPU
		{09D1EB54-8C02-4E24-B782-E96A2EC7708B}.Debug|iPhoneSimulator.Build.0 = Debug|Any CPU
		{09D1EB54-8C02-4E24-B782-E96A2EC7708B}.Debug|iPhoneSimulator.Deploy.0 = Debug|Any CPU
		{09D1EB54-8C02-4E24-B782-E96A2EC7708B}.Release|Any CPU.ActiveCfg = Release|Any CPU
		{09D1EB54-8C02-4E24-B782-E96A2EC7708B}.Release|Any CPU.Build.0 = Release|Any CPU
		{09D1EB54-8C02-4E24-B782-E96A2EC7708B}.Release|Any CPU.Deploy.0 = Release|Any CPU
		{09D1EB54-8C02-4E24-B782-E96A2EC7708B}.Release|iPhone.ActiveCfg = Release|Any CPU
		{09D1EB54-8C02-4E24-B782-E96A2EC7708B}.Release|iPhone.Build.0 = Release|Any CPU
		{09D1EB54-8C02-4E24-B782-E96A2EC7708B}.Release|iPhone.Deploy.0 = Release|Any CPU
		{09D1EB54-8C02-4E24-B782-E96A2EC7708B}.Release|iPhoneSimulator.ActiveCfg = Release|Any CPU
		{09D1EB54-8C02-4E24-B782-E96A2EC7708B}.Release|iPhoneSimulator.Build.0 = Release|Any CPU
		{09D1EB54-8C02-4E24-B782-E96A2EC7708B}.Release|iPhoneSimulator.Deploy.0 = Release|Any CPU
		{C2318708-3969-4C7B-9021-8A16D52589D4}.Debug|Any CPU.ActiveCfg = Debug|iPhone
		{C2318708-3969-4C7B-9021-8A16D52589D4}.Debug|Any CPU.Build.0 = Debug|iPhone
		{C2318708-3969-4C7B-9021-8A16D52589D4}.Debug|Any CPU.Deploy.0 = Debug|iPhone
		{C2318708-3969-4C7B-9021-8A16D52589D4}.Debug|iPhone.ActiveCfg = Debug|iPhone
		{C2318708-3969-4C7B-9021-8A16D52589D4}.Debug|iPhone.Build.0 = Debug|iPhone
		{C2318708-3969-4C7B-9021-8A16D52589D4}.Debug|iPhone.Deploy.0 = Debug|iPhone
		{C2318708-3969-4C7B-9021-8A16D52589D4}.Debug|iPhoneSimulator.ActiveCfg = Debug|iPhoneSimulator
		{C2318708-3969-4C7B-9021-8A16D52589D4}.Debug|iPhoneSimulator.Build.0 = Debug|iPhoneSimulator
		{C2318708-3969-4C7B-9021-8A16D52589D4}.Debug|iPhoneSimulator.Deploy.0 = Debug|iPhoneSimulator
		{C2318708-3969-4C7B-9021-8A16D52589D4}.Release|Any CPU.ActiveCfg = Release|iPhoneSimulator
		{C2318708-3969-4C7B-9021-8A16D52589D4}.Release|Any CPU.Build.0 = Release|iPhoneSimulator
		{C2318708-3969-4C7B-9021-8A16D52589D4}.Release|Any CPU.Deploy.0 = Release|iPhoneSimulator
		{C2318708-3969-4C7B-9021-8A16D52589D4}.Release|iPhone.ActiveCfg = Release|iPhone
		{C2318708-3969-4C7B-9021-8A16D52589D4}.Release|iPhone.Build.0 = Release|iPhone
		{C2318708-3969-4C7B-9021-8A16D52589D4}.Release|iPhone.Deploy.0 = Release|iPhone
		{C2318708-3969-4C7B-9021-8A16D52589D4}.Release|iPhoneSimulator.ActiveCfg = Release|iPhoneSimulator
		{C2318708-3969-4C7B-9021-8A16D52589D4}.Release|iPhoneSimulator.Build.0 = Release|iPhoneSimulator
		{C2318708-3969-4C7B-9021-8A16D52589D4}.Release|iPhoneSimulator.Deploy.0 = Release|iPhoneSimulator
		{97ABCAB4-DAC4-48A4-A1B2-DB5BB78B519C}.Debug|Any CPU.ActiveCfg = Debug|Any CPU
		{97ABCAB4-DAC4-48A4-A1B2-DB5BB78B519C}.Debug|Any CPU.Build.0 = Debug|Any CPU
		{97ABCAB4-DAC4-48A4-A1B2-DB5BB78B519C}.Debug|Any CPU.Deploy.0 = Debug|Any CPU
		{97ABCAB4-DAC4-48A4-A1B2-DB5BB78B519C}.Debug|iPhone.ActiveCfg = Debug|Any CPU
		{97ABCAB4-DAC4-48A4-A1B2-DB5BB78B519C}.Debug|iPhone.Build.0 = Debug|Any CPU
		{97ABCAB4-DAC4-48A4-A1B2-DB5BB78B519C}.Debug|iPhone.Deploy.0 = Debug|Any CPU
		{97ABCAB4-DAC4-48A4-A1B2-DB5BB78B519C}.Debug|iPhoneSimulator.ActiveCfg = Debug|Any CPU
		{97ABCAB4-DAC4-48A4-A1B2-DB5BB78B519C}.Debug|iPhoneSimulator.Build.0 = Debug|Any CPU
		{97ABCAB4-DAC4-48A4-A1B2-DB5BB78B519C}.Debug|iPhoneSimulator.Deploy.0 = Debug|Any CPU
		{97ABCAB4-DAC4-48A4-A1B2-DB5BB78B519C}.Release|Any CPU.ActiveCfg = Release|Any CPU
		{97ABCAB4-DAC4-48A4-A1B2-DB5BB78B519C}.Release|Any CPU.Build.0 = Release|Any CPU
		{97ABCAB4-DAC4-48A4-A1B2-DB5BB78B519C}.Release|Any CPU.Deploy.0 = Release|Any CPU
		{97ABCAB4-DAC4-48A4-A1B2-DB5BB78B519C}.Release|iPhone.ActiveCfg = Release|Any CPU
		{97ABCAB4-DAC4-48A4-A1B2-DB5BB78B519C}.Release|iPhone.Build.0 = Release|Any CPU
		{97ABCAB4-DAC4-48A4-A1B2-DB5BB78B519C}.Release|iPhone.Deploy.0 = Release|Any CPU
		{97ABCAB4-DAC4-48A4-A1B2-DB5BB78B519C}.Release|iPhoneSimulator.ActiveCfg = Release|Any CPU
		{97ABCAB4-DAC4-48A4-A1B2-DB5BB78B519C}.Release|iPhoneSimulator.Build.0 = Release|Any CPU
		{97ABCAB4-DAC4-48A4-A1B2-DB5BB78B519C}.Release|iPhoneSimulator.Deploy.0 = Release|Any CPU
	EndGlobalSection
	GlobalSection(SolutionProperties) = preSolution
		HideSolutionNode = FALSE
	EndGlobalSection
	GlobalSection(ExtensibilityGlobals) = postSolution
		SolutionGuid = {13696FE9-B6FC-44F2-B451-FE8ED9ED36F5}
	EndGlobalSection
EndGlobal
